
Microsoft Visual Studio Solution File, Format Version 12.00
# Visual Studio Version 17
VisualStudioVersion = 17.2.32516.85
MinimumVisualStudioVersion = 10.0.40219.1
Project("{9A19103F-16F7-4668-BE54-9A1E7A4F7556}") = "CartService", "CartService\CartService.csproj", "{939EC8B7-AE10-4184-9C9C-DB05CDABF893}"
EndProject
Global
	GlobalSection(SolutionConfigurationPlatforms) = preSolution
		Debug|Any CPU = Debug|Any CPU
		Release|Any CPU = Release|Any CPU
	EndGlobalSection
	GlobalSection(ProjectConfigurationPlatforms) = postSolution
		{939EC8B7-AE10-4184-9C9C-DB05CDABF893}.Debug|Any CPU.ActiveCfg = Debug|Any CPU
		{939EC8B7-AE10-4184-9C9C-DB05CDABF893}.Debug|Any CPU.Build.0 = Debug|Any CPU
		{939EC8B7-AE10-4184-9C9C-DB05CDABF893}.Release|Any CPU.ActiveCfg = Release|Any CPU
		{939EC8B7-AE10-4184-9C9C-DB05CDABF893}.Release|Any CPU.Build.0 = Release|Any CPU
	EndGlobalSection
	GlobalSection(SolutionProperties) = preSolution
		HideSolutionNode = FALSE
	EndGlobalSection
	GlobalSection(ExtensibilityGlobals) = postSolution
		SolutionGuid = {C66DCBB9-9F50-4FAD-B854-20CFC763194B}
	EndGlobalSection
EndGlobal
